
Microsoft Visual Studio Solution File, Format Version 12.00
# Visual Studio Version 16
VisualStudioVersion = 16.0.29920.165
MinimumVisualStudioVersion = 10.0.40219.1
Project("{FAE04EC0-301F-11D3-BF4B-00C04F79EFBC}") = "ARMSClientApp", "ARMSClientApp\ARMSClientApp.csproj", "{55ACC38F-8DB0-4528-BAC4-1107AC518E34}"
EndProject
Project("{FAE04EC0-301F-11D3-BF4B-00C04F79EFBC}") = "ARMSBOLayer", "ARMSBOLayer\ARMSBOLayer.csproj", "{5BE30E5E-7A53-4651-9301-3F3450A5FFB4}"
EndProject
Project("{FAE04EC0-301F-11D3-BF4B-00C04F79EFBC}") = "ARMSDALayer", "ARMSDALayer\ARMSDALayer.csproj", "{B9DEC818-232F-4E18-9AC7-31ADC80FB026}"
EndProject
Global
	GlobalSection(SolutionConfigurationPlatforms) = preSolution
		Debug|Any CPU = Debug|Any CPU
		Release|Any CPU = Release|Any CPU
	EndGlobalSection
	GlobalSection(ProjectConfigurationPlatforms) = postSolution
		{55ACC38F-8DB0-4528-BAC4-1107AC518E34}.Debug|Any CPU.ActiveCfg = Debug|Any CPU
		{55ACC38F-8DB0-4528-BAC4-1107AC518E34}.Debug|Any CPU.Build.0 = Debug|Any CPU
		{55ACC38F-8DB0-4528-BAC4-1107AC518E34}.Release|Any CPU.ActiveCfg = Release|Any CPU
		{55ACC38F-8DB0-4528-BAC4-1107AC518E34}.Release|Any CPU.Build.0 = Release|Any CPU
		{5BE30E5E-7A53-4651-9301-3F3450A5FFB4}.Debug|Any CPU.ActiveCfg = Debug|Any CPU
		{5BE30E5E-7A53-4651-9301-3F3450A5FFB4}.Debug|Any CPU.Build.0 = Debug|Any CPU
		{5BE30E5E-7A53-4651-9301-3F3450A5FFB4}.Release|Any CPU.ActiveCfg = Release|Any CPU
		{5BE30E5E-7A53-4651-9301-3F3450A5FFB4}.Release|Any CPU.Build.0 = Release|Any CPU
		{B9DEC818-232F-4E18-9AC7-31ADC80FB026}.Debug|Any CPU.ActiveCfg = Debug|Any CPU
		{B9DEC818-232F-4E18-9AC7-31ADC80FB026}.Debug|Any CPU.Build.0 = Debug|Any CPU
		{B9DEC818-232F-4E18-9AC7-31ADC80FB026}.Release|Any CPU.ActiveCfg = Release|Any CPU
		{B9DEC818-232F-4E18-9AC7-31ADC80FB026}.Release|Any CPU.Build.0 = Release|Any CPU
	EndGlobalSection
	GlobalSection(SolutionProperties) = preSolution
		HideSolutionNode = FALSE
	EndGlobalSection
	GlobalSection(ExtensibilityGlobals) = postSolution
		SolutionGuid = {9873A0D9-D770-4075-8AC2-27D03DCBB95F}
	EndGlobalSection
EndGlobal
